{
  "pins" : [
    {
      "identity" : "asynclocationkit",
      "kind" : "remoteSourceControl",
      "location" : "https://github.com/AsyncSwift/AsyncLocationKit.git",
      "state" : {
        "branch" : "main",
        "revision" : "3ed4342b98bfefa15935e269afa2b822c7437f63"
      }
    },
    {
      "identity" : "coremodel",
      "kind" : "remoteSourceControl",
      "location" : "https://github.com/PureSwift/CoreModel.git",
      "state" : {
        "branch" : "master",
        "revision" : "cfb92aefa482b4d0414743f5e45b7962aefcb58b"
      }
    },
    {
      "identity" : "devicekit",
      "kind" : "remoteSourceControl",
      "location" : "https://github.com/devicekit/DeviceKit.git",
      "state" : {
        "revision" : "691fe8112cca20ebf0020a1709d4e0205400311c",
        "version" : "5.0.0"
      }
    },
    {
      "identity" : "keychainaccess",
      "kind" : "remoteSourceControl",
      "location" : "https://github.com/kishikawakatsumi/KeychainAccess.git",
      "state" : {
        "revision" : "84e546727d66f1adc5439debad16270d0fdd04e7",
        "version" : "4.2.2"
      }
    },
    {
      "identity" : "networkobjects",
      "kind" : "remoteSourceControl",
      "location" : "https://github.com/colemancda/NetworkObjects.git",
      "state" : {
        "branch" : "master",
        "revision" : "a7be06ee54c6c5dbb3761e2248196a72995d5d97"
      }
    },
    {
      "identity" : "sfsafesymbols",
      "kind" : "remoteSourceControl",
      "location" : "https://github.com/piknotech/SFSafeSymbols.git",
      "state" : {
        "revision" : "7cca2d60925876b5953a2cf7341cd80fbeac983c",
        "version" : "4.1.1"
      }
    }
  ],
  "version" : 2
}
