{
  "pins" : [
    {
      "identity" : "coremodel",
      "kind" : "remoteSourceControl",
      "location" : "https://github.com/PureSwift/CoreModel.git",
      "state" : {
        "branch" : "master",
        "revision" : "a43c9d4febd48bf437b7f5d6d32e9362aa20bd62"
      }
    },
    {
      "identity" : "devicekit",
      "kind" : "remoteSourceControl",
      "location" : "https://github.com/devicekit/DeviceKit.git",
      "state" : {
        "revision" : "691fe8112cca20ebf0020a1709d4e0205400311c",
        "version" : "5.0.0"
      }
    },
    {
      "identity" : "keychainaccess",
      "kind" : "remoteSourceControl",
      "location" : "https://github.com/kishikawakatsumi/KeychainAccess.git",
      "state" : {
        "revision" : "84e546727d66f1adc5439debad16270d0fdd04e7",
        "version" : "4.2.2"
      }
    },
    {
      "identity" : "networkobjects",
      "kind" : "remoteSourceControl",
      "location" : "https://github.com/colemancda/NetworkObjects.git",
      "state" : {
        "branch" : "master",
        "revision" : "b1d35823b06f47558308b967ec153fdd9eb6126f"
      }
    },
    {
      "identity" : "predicate",
      "kind" : "remoteSourceControl",
      "location" : "https://github.com/PureSwift/Predicate.git",
      "state" : {
        "branch" : "master",
        "revision" : "ba07f7523b15ddd0c54ea717b9429ac294d5955b"
      }
    },
    {
      "identity" : "sfsafesymbols",
      "kind" : "remoteSourceControl",
      "location" : "https://github.com/piknotech/SFSafeSymbols.git",
      "state" : {
        "revision" : "7cca2d60925876b5953a2cf7341cd80fbeac983c",
        "version" : "4.1.1"
      }
    }
  ],
  "version" : 2
}
